// !$*UTF8*$!
{
	archiveVersion = 1;
	classes = {
	};
	objectVersion = 55;
	objects = {

/* Begin PBXBuildFile section */
		DA608D9D2759981D00550442 /* CircleImage.swift in Sources */ = {isa = PBXBuildFile; fileRef = DA608D9C2759981D00550442 /* CircleImage.swift */; };
		DA608D9F27599A4400550442 /* MapView.swift in Sources */ = {isa = PBXBuildFile; fileRef = DA608D9E27599A4400550442 /* MapView.swift */; };
		DA608DA32759AD4D00550442 /* landmarkData.json in Resources */ = {isa = PBXBuildFile; fileRef = DA608DA22759AD4D00550442 /* landmarkData.json */; };
		DA608DA52759AD8700550442 /* Landmark.swift in Sources */ = {isa = PBXBuildFile; fileRef = DA608DA42759AD8700550442 /* Landmark.swift */; };
		DA608DA72759B1FB00550442 /* ModelData.swift in Sources */ = {isa = PBXBuildFile; fileRef = DA608DA62759B1FB00550442 /* ModelData.swift */; };
		DA608DAC2759BC0C00550442 /* LandmarkRow.swift in Sources */ = {isa = PBXBuildFile; fileRef = DA608DAB2759BC0C00550442 /* LandmarkRow.swift */; };
		DA608DAE2759C22100550442 /* LandmarkList.swift in Sources */ = {isa = PBXBuildFile; fileRef = DA608DAD2759C22100550442 /* LandmarkList.swift */; };
		DA608DB0275EE21200550442 /* LandmarkDetail.swift in Sources */ = {isa = PBXBuildFile; fileRef = DA608DAF275EE21100550442 /* LandmarkDetail.swift */; };
		DA608DB227603D3D00550442 /* FavoriteButton.swift in Sources */ = {isa = PBXBuildFile; fileRef = DA608DB127603D3D00550442 /* FavoriteButton.swift */; };
		DA608DB62760436500550442 /* HexagonParameters.swift in Sources */ = {isa = PBXBuildFile; fileRef = DA608DB52760436500550442 /* HexagonParameters.swift */; };
		DA608DB82760479100550442 /* BadgeBackground.swift in Sources */ = {isa = PBXBuildFile; fileRef = DA608DB72760479100550442 /* BadgeBackground.swift */; };
		DA9520772761DC45007D2620 /* BadgeSymbol.swift in Sources */ = {isa = PBXBuildFile; fileRef = DA9520762761DC45007D2620 /* BadgeSymbol.swift */; };
		DA9520792761E7B4007D2620 /* RotatedBadgeSymbol.swift in Sources */ = {isa = PBXBuildFile; fileRef = DA9520782761E7B4007D2620 /* RotatedBadgeSymbol.swift */; };
		DA95207B2761E8D5007D2620 /* Badge.swift in Sources */ = {isa = PBXBuildFile; fileRef = DA95207A2761E8D5007D2620 /* Badge.swift */; };
		DA95207E2762D73B007D2620 /* hikeData.json in Resources */ = {isa = PBXBuildFile; fileRef = DA95207D2762D73B007D2620 /* hikeData.json */; };
		DA9520802762D82A007D2620 /* Hike.swift in Sources */ = {isa = PBXBuildFile; fileRef = DA95207F2762D82A007D2620 /* Hike.swift */; };
		DA9520862762D9FB007D2620 /* GraphCapsule.swift in Sources */ = {isa = PBXBuildFile; fileRef = DA9520822762D9FB007D2620 /* GraphCapsule.swift */; };
		DA9520872762D9FB007D2620 /* HikeGraph.swift in Sources */ = {isa = PBXBuildFile; fileRef = DA9520832762D9FB007D2620 /* HikeGraph.swift */; };
		DA9520882762D9FB007D2620 /* HikeDetail.swift in Sources */ = {isa = PBXBuildFile; fileRef = DA9520842762D9FB007D2620 /* HikeDetail.swift */; };
		DA9520892762D9FB007D2620 /* HikeView.swift in Sources */ = {isa = PBXBuildFile; fileRef = DA9520852762D9FB007D2620 /* HikeView.swift */; };
		DA95208C2762E608007D2620 /* CategoryHome.swift in Sources */ = {isa = PBXBuildFile; fileRef = DA95208B2762E608007D2620 /* CategoryHome.swift */; };
		DA95208E2762E990007D2620 /* CategoryRow.swift in Sources */ = {isa = PBXBuildFile; fileRef = DA95208D2762E990007D2620 /* CategoryRow.swift */; };
		DA9520902762EC3E007D2620 /* CategoryItem.swift in Sources */ = {isa = PBXBuildFile; fileRef = DA95208F2762EC3E007D2620 /* CategoryItem.swift */; };
		DA9520922763130F007D2620 /* Profile.swift in Sources */ = {isa = PBXBuildFile; fileRef = DA9520912763130F007D2620 /* Profile.swift */; };
		DA95209527631497007D2620 /* ProfileHost.swift in Sources */ = {isa = PBXBuildFile; fileRef = DA95209427631497007D2620 /* ProfileHost.swift */; };
		DA952097276315BA007D2620 /* ProfileSummary.swift in Sources */ = {isa = PBXBuildFile; fileRef = DA952096276315BA007D2620 /* ProfileSummary.swift */; };
		DA952099276321F4007D2620 /* HikeBadge.swift in Sources */ = {isa = PBXBuildFile; fileRef = DA952098276321F4007D2620 /* HikeBadge.swift */; };
		DAC3489A276AD9F500071F69 /* ProfileEditor.swift in Sources */ = {isa = PBXBuildFile; fileRef = DAC34899276AD9F500071F69 /* ProfileEditor.swift */; };
		DAC3489D276B066100071F69 /* PageViewController.swift in Sources */ = {isa = PBXBuildFile; fileRef = DAC3489C276B066100071F69 /* PageViewController.swift */; };
		DAC3489F276B121F00071F69 /* FeatureCard.swift in Sources */ = {isa = PBXBuildFile; fileRef = DAC3489E276B121F00071F69 /* FeatureCard.swift */; };
		DAC348A1276B14AF00071F69 /* PageView.swift in Sources */ = {isa = PBXBuildFile; fileRef = DAC348A0276B14AF00071F69 /* PageView.swift */; };
		DAC348A32770057E00071F69 /* PageControl.swift in Sources */ = {isa = PBXBuildFile; fileRef = DAC348A22770057E00071F69 /* PageControl.swift */; };
		DAC623832758A8D800720DD4 /* LandmarksApp.swift in Sources */ = {isa = PBXBuildFile; fileRef = DAC623822758A8D800720DD4 /* LandmarksApp.swift */; };
		DAC623852758A8D800720DD4 /* ContentView.swift in Sources */ = {isa = PBXBuildFile; fileRef = DAC623842758A8D800720DD4 /* ContentView.swift */; };
		DAC623872758A8DE00720DD4 /* Assets.xcassets in Resources */ = {isa = PBXBuildFile; fileRef = DAC623862758A8DE00720DD4 /* Assets.xcassets */; };
		DAC6238A2758A8DE00720DD4 /* Preview Assets.xcassets in Resources */ = {isa = PBXBuildFile; fileRef = DAC623892758A8DE00720DD4 /* Preview Assets.xcassets */; };
/* End PBXBuildFile section */

/* Begin PBXFileReference section */
		DA608D9C2759981D00550442 /* CircleImage.swift */ = {isa = PBXFileReference; lastKnownFileType = sourcecode.swift; path = CircleImage.swift; sourceTree = "<group>"; };
		DA608D9E27599A4400550442 /* MapView.swift */ = {isa = PBXFileReference; lastKnownFileType = sourcecode.swift; path = MapView.swift; sourceTree = "<group>"; };
		DA608DA22759AD4D00550442 /* landmarkData.json */ = {isa = PBXFileReference; fileEncoding = 4; lastKnownFileType = text.json; path = landmarkData.json; sourceTree = "<group>"; };
		DA608DA42759AD8700550442 /* Landmark.swift */ = {isa = PBXFileReference; lastKnownFileType = sourcecode.swift; path = Landmark.swift; sourceTree = "<group>"; };
		DA608DA62759B1FB00550442 /* ModelData.swift */ = {isa = PBXFileReference; lastKnownFileType = sourcecode.swift; path = ModelData.swift; sourceTree = "<group>"; };
		DA608DAB2759BC0C00550442 /* LandmarkRow.swift */ = {isa = PBXFileReference; lastKnownFileType = sourcecode.swift; path = LandmarkRow.swift; sourceTree = "<group>"; };
		DA608DAD2759C22100550442 /* LandmarkList.swift */ = {isa = PBXFileReference; lastKnownFileType = sourcecode.swift; path = LandmarkList.swift; sourceTree = "<group>"; };
		DA608DAF275EE21100550442 /* LandmarkDetail.swift */ = {isa = PBXFileReference; lastKnownFileType = sourcecode.swift; path = LandmarkDetail.swift; sourceTree = "<group>"; };
		DA608DB127603D3D00550442 /* FavoriteButton.swift */ = {isa = PBXFileReference; lastKnownFileType = sourcecode.swift; path = FavoriteButton.swift; sourceTree = "<group>"; };
		DA608DB52760436500550442 /* HexagonParameters.swift */ = {isa = PBXFileReference; lastKnownFileType = sourcecode.swift; path = HexagonParameters.swift; sourceTree = "<group>"; };
		DA608DB72760479100550442 /* BadgeBackground.swift */ = {isa = PBXFileReference; lastKnownFileType = sourcecode.swift; path = BadgeBackground.swift; sourceTree = "<group>"; };
		DA9520762761DC45007D2620 /* BadgeSymbol.swift */ = {isa = PBXFileReference; lastKnownFileType = sourcecode.swift; path = BadgeSymbol.swift; sourceTree = "<group>"; };
		DA9520782761E7B4007D2620 /* RotatedBadgeSymbol.swift */ = {isa = PBXFileReference; lastKnownFileType = sourcecode.swift; path = RotatedBadgeSymbol.swift; sourceTree = "<group>"; };
		DA95207A2761E8D5007D2620 /* Badge.swift */ = {isa = PBXFileReference; lastKnownFileType = sourcecode.swift; path = Badge.swift; sourceTree = "<group>"; };
		DA95207D2762D73B007D2620 /* hikeData.json */ = {isa = PBXFileReference; fileEncoding = 4; lastKnownFileType = text.json; path = hikeData.json; sourceTree = "<group>"; };
		DA95207F2762D82A007D2620 /* Hike.swift */ = {isa = PBXFileReference; lastKnownFileType = sourcecode.swift; path = Hike.swift; sourceTree = "<group>"; };
		DA9520822762D9FB007D2620 /* GraphCapsule.swift */ = {isa = PBXFileReference; fileEncoding = 4; lastKnownFileType = sourcecode.swift; path = GraphCapsule.swift; sourceTree = "<group>"; };
		DA9520832762D9FB007D2620 /* HikeGraph.swift */ = {isa = PBXFileReference; fileEncoding = 4; lastKnownFileType = sourcecode.swift; path = HikeGraph.swift; sourceTree = "<group>"; };
		DA9520842762D9FB007D2620 /* HikeDetail.swift */ = {isa = PBXFileReference; fileEncoding = 4; lastKnownFileType = sourcecode.swift; path = HikeDetail.swift; sourceTree = "<group>"; };
		DA9520852762D9FB007D2620 /* HikeView.swift */ = {isa = PBXFileReference; fileEncoding = 4; lastKnownFileType = sourcecode.swift; path = HikeView.swift; sourceTree = "<group>"; };
		DA95208B2762E608007D2620 /* CategoryHome.swift */ = {isa = PBXFileReference; lastKnownFileType = sourcecode.swift; path = CategoryHome.swift; sourceTree = "<group>"; };
		DA95208D2762E990007D2620 /* CategoryRow.swift */ = {isa = PBXFileReference; lastKnownFileType = sourcecode.swift; path = CategoryRow.swift; sourceTree = "<group>"; };
		DA95208F2762EC3E007D2620 /* CategoryItem.swift */ = {isa = PBXFileReference; lastKnownFileType = sourcecode.swift; path = CategoryItem.swift; sourceTree = "<group>"; };
		DA9520912763130F007D2620 /* Profile.swift */ = {isa = PBXFileReference; lastKnownFileType = sourcecode.swift; path = Profile.swift; sourceTree = "<group>"; };
		DA95209427631497007D2620 /* ProfileHost.swift */ = {isa = PBXFileReference; lastKnownFileType = sourcecode.swift; path = ProfileHost.swift; sourceTree = "<group>"; };
		DA952096276315BA007D2620 /* ProfileSummary.swift */ = {isa = PBXFileReference; lastKnownFileType = sourcecode.swift; path = ProfileSummary.swift; sourceTree = "<group>"; };
		DA952098276321F4007D2620 /* HikeBadge.swift */ = {isa = PBXFileReference; lastKnownFileType = sourcecode.swift; path = HikeBadge.swift; sourceTree = "<group>"; };
		DAC34899276AD9F500071F69 /* ProfileEditor.swift */ = {isa = PBXFileReference; lastKnownFileType = sourcecode.swift; path = ProfileEditor.swift; sourceTree = "<group>"; };
		DAC3489C276B066100071F69 /* PageViewController.swift */ = {isa = PBXFileReference; lastKnownFileType = sourcecode.swift; path = PageViewController.swift; sourceTree = "<group>"; };
		DAC3489E276B121F00071F69 /* FeatureCard.swift */ = {isa = PBXFileReference; lastKnownFileType = sourcecode.swift; path = FeatureCard.swift; sourceTree = "<group>"; };
		DAC348A0276B14AF00071F69 /* PageView.swift */ = {isa = PBXFileReference; lastKnownFileType = sourcecode.swift; path = PageView.swift; sourceTree = "<group>"; };
		DAC348A22770057E00071F69 /* PageControl.swift */ = {isa = PBXFileReference; lastKnownFileType = sourcecode.swift; path = PageControl.swift; sourceTree = "<group>"; };
		DAC6237F2758A8D800720DD4 /* Landmarks.app */ = {isa = PBXFileReference; explicitFileType = wrapper.application; includeInIndex = 0; path = Landmarks.app; sourceTree = BUILT_PRODUCTS_DIR; };
		DAC623822758A8D800720DD4 /* LandmarksApp.swift */ = {isa = PBXFileReference; lastKnownFileType = sourcecode.swift; path = LandmarksApp.swift; sourceTree = "<group>"; };
		DAC623842758A8D800720DD4 /* ContentView.swift */ = {isa = PBXFileReference; lastKnownFileType = sourcecode.swift; path = ContentView.swift; sourceTree = "<group>"; };
		DAC623862758A8DE00720DD4 /* Assets.xcassets */ = {isa = PBXFileReference; lastKnownFileType = folder.assetcatalog; path = Assets.xcassets; sourceTree = "<group>"; };
		DAC623892758A8DE00720DD4 /* Preview Assets.xcassets */ = {isa = PBXFileReference; lastKnownFileType = folder.assetcatalog; path = "Preview Assets.xcassets"; sourceTree = "<group>"; };
/* End PBXFileReference section */

/* Begin PBXFrameworksBuildPhase section */
		DAC6237C2758A8D800720DD4 /* Frameworks */ = {
			isa = PBXFrameworksBuildPhase;
			buildActionMask = 2147483647;
			files = (
			);
			runOnlyForDeploymentPostprocessing = 0;
		};
/* End PBXFrameworksBuildPhase section */

/* Begin PBXGroup section */
		DA608DA82759B37000550442 /* Views */ = {
			isa = PBXGroup;
			children = (
				DAC623842758A8D800720DD4 /* ContentView.swift */,
				DAC3489B276B063D00071F69 /* PageView */,
				DA95209327631478007D2620 /* Profiles */,
				DA95208A2762E5BF007D2620 /* Categories */,
				DA9520812762D9FB007D2620 /* Hikes */,
			);
			path = Views;
			sourceTree = "<group>";
		};
		DA608DA92759B3C700550442 /* Model */ = {
			isa = PBXGroup;
			children = (
				DA608DA42759AD8700550442 /* Landmark.swift */,
				DA9520912763130F007D2620 /* Profile.swift */,
				DA95207F2762D82A007D2620 /* Hike.swift */,
				DA608DA62759B1FB00550442 /* ModelData.swift */,
			);
			path = Model;
			sourceTree = "<group>";
		};
		DA608DAA2759B41C00550442 /* Resources */ = {
			isa = PBXGroup;
			children = (
				DA608DA22759AD4D00550442 /* landmarkData.json */,
				DA95207D2762D73B007D2620 /* hikeData.json */,
			);
			path = Resources;
			sourceTree = "<group>";
		};
		DA608DB327603F3A00550442 /* Landmarks */ = {
			isa = PBXGroup;
			children = (
				DA608DAB2759BC0C00550442 /* LandmarkRow.swift */,
				DA608DAD2759C22100550442 /* LandmarkList.swift */,
				DA608DAF275EE21100550442 /* LandmarkDetail.swift */,
			);
			path = Landmarks;
			sourceTree = "<group>";
		};
		DA608DB427603F6F00550442 /* Helpers */ = {
			isa = PBXGroup;
			children = (
				DA608DB127603D3D00550442 /* FavoriteButton.swift */,
				DA608D9C2759981D00550442 /* CircleImage.swift */,
				DA608D9E27599A4400550442 /* MapView.swift */,
			);
			path = Helpers;
			sourceTree = "<group>";
		};
		DA95207C2761EBF3007D2620 /* Badges */ = {
			isa = PBXGroup;
			children = (
				DA95207A2761E8D5007D2620 /* Badge.swift */,
				DA608DB72760479100550442 /* BadgeBackground.swift */,
				DA9520762761DC45007D2620 /* BadgeSymbol.swift */,
				DA608DB52760436500550442 /* HexagonParameters.swift */,
				DA9520782761E7B4007D2620 /* RotatedBadgeSymbol.swift */,
			);
			path = Badges;
			sourceTree = "<group>";
		};
		DA9520812762D9FB007D2620 /* Hikes */ = {
			isa = PBXGroup;
			children = (
				DA9520822762D9FB007D2620 /* GraphCapsule.swift */,
				DA952098276321F4007D2620 /* HikeBadge.swift */,
				DA9520832762D9FB007D2620 /* HikeGraph.swift */,
				DA9520842762D9FB007D2620 /* HikeDetail.swift */,
				DA9520852762D9FB007D2620 /* HikeView.swift */,
			);
			path = Hikes;
			sourceTree = "<group>";
		};
		DA95208A2762E5BF007D2620 /* Categories */ = {
			isa = PBXGroup;
			children = (
				DA95208B2762E608007D2620 /* CategoryHome.swift */,
				DA95208D2762E990007D2620 /* CategoryRow.swift */,
				DA95208F2762EC3E007D2620 /* CategoryItem.swift */,
			);
			name = Categories;
			sourceTree = "<group>";
		};
		DA95209327631478007D2620 /* Profiles */ = {
			isa = PBXGroup;
			children = (
				DA95209427631497007D2620 /* ProfileHost.swift */,
				DAC34899276AD9F500071F69 /* ProfileEditor.swift */,
				DA952096276315BA007D2620 /* ProfileSummary.swift */,
			);
			name = Profiles;
			sourceTree = "<group>";
		};
		DAC3489B276B063D00071F69 /* PageView */ = {
			isa = PBXGroup;
			children = (
				DAC3489C276B066100071F69 /* PageViewController.swift */,
				DAC348A22770057E00071F69 /* PageControl.swift */,
				DAC3489E276B121F00071F69 /* FeatureCard.swift */,
				DAC348A0276B14AF00071F69 /* PageView.swift */,
			);
			name = PageView;
			sourceTree = "<group>";
		};
		DAC623762758A8D800720DD4 = {
			isa = PBXGroup;
			children = (
				DAC623812758A8D800720DD4 /* Landmarks */,
				DAC623802758A8D800720DD4 /* Products */,
			);
			sourceTree = "<group>";
		};
		DAC623802758A8D800720DD4 /* Products */ = {
			isa = PBXGroup;
			children = (
				DAC6237F2758A8D800720DD4 /* Landmarks.app */,
			);
			name = Products;
			sourceTree = "<group>";
		};
		DAC623812758A8D800720DD4 /* Landmarks */ = {
			isa = PBXGroup;
			children = (
				DAC623822758A8D800720DD4 /* LandmarksApp.swift */,
				DA608DA82759B37000550442 /* Views */,
				DA95207C2761EBF3007D2620 /* Badges */,
				DA608DB327603F3A00550442 /* Landmarks */,
				DA608DB427603F6F00550442 /* Helpers */,
				DA608DA92759B3C700550442 /* Model */,
				DA608DAA2759B41C00550442 /* Resources */,
				DAC623862758A8DE00720DD4 /* Assets.xcassets */,
				DAC623882758A8DE00720DD4 /* Preview Content */,
			);
			path = Landmarks;
			sourceTree = "<group>";
		};
		DAC623882758A8DE00720DD4 /* Preview Content */ = {
			isa = PBXGroup;
			children = (
				DAC623892758A8DE00720DD4 /* Preview Assets.xcassets */,
			);
			path = "Preview Content";
			sourceTree = "<group>";
		};
/* End PBXGroup section */

/* Begin PBXNativeTarget section */
		DAC6237E2758A8D800720DD4 /* Landmarks */ = {
			isa = PBXNativeTarget;
			buildConfigurationList = DAC6238D2758A8DE00720DD4 /* Build configuration list for PBXNativeTarget "Landmarks" */;
			buildPhases = (
				DAC6237B2758A8D800720DD4 /* Sources */,
				DAC6237C2758A8D800720DD4 /* Frameworks */,
				DAC6237D2758A8D800720DD4 /* Resources */,
			);
			buildRules = (
			);
			dependencies = (
			);
			name = Landmarks;
			productName = Landmarks;
			productReference = DAC6237F2758A8D800720DD4 /* Landmarks.app */;
			productType = "com.apple.product-type.application";
		};
/* End PBXNativeTarget section */

/* Begin PBXProject section */
		DAC623772758A8D800720DD4 /* Project object */ = {
			isa = PBXProject;
			attributes = {
				BuildIndependentTargetsInParallel = 1;
				LastSwiftUpdateCheck = 1310;
				LastUpgradeCheck = 1310;
				TargetAttributes = {
					DAC6237E2758A8D800720DD4 = {
						CreatedOnToolsVersion = 13.1;
					};
				};
			};
			buildConfigurationList = DAC6237A2758A8D800720DD4 /* Build configuration list for PBXProject "Landmarks" */;
			compatibilityVersion = "Xcode 13.0";
			developmentRegion = en;
			hasScannedForEncodings = 0;
			knownRegions = (
				en,
				Base,
			);
			mainGroup = DAC623762758A8D800720DD4;
			productRefGroup = DAC623802758A8D800720DD4 /* Products */;
			projectDirPath = "";
			projectRoot = "";
			targets = (
				DAC6237E2758A8D800720DD4 /* Landmarks */,
			);
		};
/* End PBXProject section */

/* Begin PBXResourcesBuildPhase section */
		DAC6237D2758A8D800720DD4 /* Resources */ = {
			isa = PBXResourcesBuildPhase;
			buildActionMask = 2147483647;
			files = (
				DA95207E2762D73B007D2620 /* hikeData.json in Resources */,
				DAC6238A2758A8DE00720DD4 /* Preview Assets.xcassets in Resources */,
				DAC623872758A8DE00720DD4 /* Assets.xcassets in Resources */,
				DA608DA32759AD4D00550442 /* landmarkData.json in Resources */,
			);
			runOnlyForDeploymentPostprocessing = 0;
		};
/* End PBXResourcesBuildPhase section */

/* Begin PBXSourcesBuildPhase section */
		DAC6237B2758A8D800720DD4 /* Sources */ = {
			isa = PBXSourcesBuildPhase;
			buildActionMask = 2147483647;
			files = (
				DA95208E2762E990007D2620 /* CategoryRow.swift in Sources */,
				DA9520922763130F007D2620 /* Profile.swift in Sources */,
				DAC623852758A8D800720DD4 /* ContentView.swift in Sources */,
				DA95208C2762E608007D2620 /* CategoryHome.swift in Sources */,
				DAC3489F276B121F00071F69 /* FeatureCard.swift in Sources */,
				DA9520872762D9FB007D2620 /* HikeGraph.swift in Sources */,
				DA95207B2761E8D5007D2620 /* Badge.swift in Sources */,
				DA608D9F27599A4400550442 /* MapView.swift in Sources */,
				DA9520862762D9FB007D2620 /* GraphCapsule.swift in Sources */,
				DAC623832758A8D800720DD4 /* LandmarksApp.swift in Sources */,
				DAC348A32770057E00071F69 /* PageControl.swift in Sources */,
				DA608DB227603D3D00550442 /* FavoriteButton.swift in Sources */,
				DA9520902762EC3E007D2620 /* CategoryItem.swift in Sources */,
				DA9520882762D9FB007D2620 /* HikeDetail.swift in Sources */,
				DA952097276315BA007D2620 /* ProfileSummary.swift in Sources */,
				DA608DB62760436500550442 /* HexagonParameters.swift in Sources */,
				DA95209527631497007D2620 /* ProfileHost.swift in Sources */,
				DA9520802762D82A007D2620 /* Hike.swift in Sources */,
				DA9520792761E7B4007D2620 /* RotatedBadgeSymbol.swift in Sources */,
				DAC348A1276B14AF00071F69 /* PageView.swift in Sources */,
				DA9520772761DC45007D2620 /* BadgeSymbol.swift in Sources */,
				DAC3489A276AD9F500071F69 /* ProfileEditor.swift in Sources */,
				DA608DAE2759C22100550442 /* LandmarkList.swift in Sources */,
				DA9520892762D9FB007D2620 /* HikeView.swift in Sources */,
				DA608DB0275EE21200550442 /* LandmarkDetail.swift in Sources */,
				DAC3489D276B066100071F69 /* PageViewController.swift in Sources */,
				DA608DB82760479100550442 /* BadgeBackground.swift in Sources */,
				DA952099276321F4007D2620 /* HikeBadge.swift in Sources */,
				DA608D9D2759981D00550442 /* CircleImage.swift in Sources */,
				DA608DA52759AD8700550442 /* Landmark.swift in Sources */,
				DA608DAC2759BC0C00550442 /* LandmarkRow.swift in Sources */,
				DA608DA72759B1FB00550442 /* ModelData.swift in Sources */,
			);
			runOnlyForDeploymentPostprocessing = 0;
		};
/* End PBXSourcesBuildPhase section */

/* Begin XCBuildConfiguration section */
		DAC6238B2758A8DE00720DD4 /* Debug */ = {
			isa = XCBuildConfiguration;
			buildSettings = {
				ALWAYS_SEARCH_USER_PATHS = NO;
				CLANG_ANALYZER_NONNULL = YES;
				CLANG_ANALYZER_NUMBER_OBJECT_CONVERSION = YES_AGGRESSIVE;
				CLANG_CXX_LANGUAGE_STANDARD = "gnu++17";
				CLANG_CXX_LIBRARY = "libc++";
				CLANG_ENABLE_MODULES = YES;
				CLANG_ENABLE_OBJC_ARC = YES;
				CLANG_ENABLE_OBJC_WEAK = YES;
				CLANG_WARN_BLOCK_CAPTURE_AUTORELEASING = YES;
				CLANG_WARN_BOOL_CONVERSION = YES;
				CLANG_WARN_COMMA = YES;
				CLANG_WARN_CONSTANT_CONVERSION = YES;
				CLANG_WARN_DEPRECATED_OBJC_IMPLEMENTATIONS = YES;
				CLANG_WARN_DIRECT_OBJC_ISA_USAGE = YES_ERROR;
				CLANG_WARN_DOCUMENTATION_COMMENTS = YES;
				CLANG_WARN_EMPTY_BODY = YES;
				CLANG_WARN_ENUM_CONVERSION = YES;
				CLANG_WARN_INFINITE_RECURSION = YES;
				CLANG_WARN_INT_CONVERSION = YES;
				CLANG_WARN_NON_LITERAL_NULL_CONVERSION = YES;
				CLANG_WARN_OBJC_IMPLICIT_RETAIN_SELF = YES;
				CLANG_WARN_OBJC_LITERAL_CONVERSION = YES;
				CLANG_WARN_OBJC_ROOT_CLASS = YES_ERROR;
				CLANG_WARN_QUOTED_INCLUDE_IN_FRAMEWORK_HEADER = YES;
				CLANG_WARN_RANGE_LOOP_ANALYSIS = YES;
				CLANG_WARN_STRICT_PROTOTYPES = YES;
				CLANG_WARN_SUSPICIOUS_MOVE = YES;
				CLANG_WARN_UNGUARDED_AVAILABILITY = YES_AGGRESSIVE;
				CLANG_WARN_UNREACHABLE_CODE = YES;
				CLANG_WARN__DUPLICATE_METHOD_MATCH = YES;
				COPY_PHASE_STRIP = NO;
				DEBUG_INFORMATION_FORMAT = dwarf;
				ENABLE_STRICT_OBJC_MSGSEND = YES;
				ENABLE_TESTABILITY = YES;
				GCC_C_LANGUAGE_STANDARD = gnu11;
				GCC_DYNAMIC_NO_PIC = NO;
				GCC_NO_COMMON_BLOCKS = YES;
				GCC_OPTIMIZATION_LEVEL = 0;
				GCC_PREPROCESSOR_DEFINITIONS = (
					"DEBUG=1",
					"$(inherited)",
				);
				GCC_WARN_64_TO_32_BIT_CONVERSION = YES;
				GCC_WARN_ABOUT_RETURN_TYPE = YES_ERROR;
				GCC_WARN_UNDECLARED_SELECTOR = YES;
				GCC_WARN_UNINITIALIZED_AUTOS = YES_AGGRESSIVE;
				GCC_WARN_UNUSED_FUNCTION = YES;
				GCC_WARN_UNUSED_VARIABLE = YES;
				IPHONEOS_DEPLOYMENT_TARGET = 15.0;
				MTL_ENABLE_DEBUG_INFO = INCLUDE_SOURCE;
				MTL_FAST_MATH = YES;
				ONLY_ACTIVE_ARCH = YES;
				SDKROOT = iphoneos;
				SWIFT_ACTIVE_COMPILATION_CONDITIONS = DEBUG;
				SWIFT_OPTIMIZATION_LEVEL = "-Onone";
			};
			name = Debug;
		};
		DAC6238C2758A8DE00720DD4 /* Release */ = {
			isa = XCBuildConfiguration;
			buildSettings = {
				ALWAYS_SEARCH_USER_PATHS = NO;
				CLANG_ANALYZER_NONNULL = YES;
				CLANG_ANALYZER_NUMBER_OBJECT_CONVERSION = YES_AGGRESSIVE;
				CLANG_CXX_LANGUAGE_STANDARD = "gnu++17";
				CLANG_CXX_LIBRARY = "libc++";
				CLANG_ENABLE_MODULES = YES;
				CLANG_ENABLE_OBJC_ARC = YES;
				CLANG_ENABLE_OBJC_WEAK = YES;
				CLANG_WARN_BLOCK_CAPTURE_AUTORELEASING = YES;
				CLANG_WARN_BOOL_CONVERSION = YES;
				CLANG_WARN_COMMA = YES;
				CLANG_WARN_CONSTANT_CONVERSION = YES;
				CLANG_WARN_DEPRECATED_OBJC_IMPLEMENTATIONS = YES;
				CLANG_WARN_DIRECT_OBJC_ISA_USAGE = YES_ERROR;
				CLANG_WARN_DOCUMENTATION_COMMENTS = YES;
				CLANG_WARN_EMPTY_BODY = YES;
				CLANG_WARN_ENUM_CONVERSION = YES;
				CLANG_WARN_INFINITE_RECURSION = YES;
				CLANG_WARN_INT_CONVERSION = YES;
				CLANG_WARN_NON_LITERAL_NULL_CONVERSION = YES;
				CLANG_WARN_OBJC_IMPLICIT_RETAIN_SELF = YES;
				CLANG_WARN_OBJC_LITERAL_CONVERSION = YES;
				CLANG_WARN_OBJC_ROOT_CLASS = YES_ERROR;
				CLANG_WARN_QUOTED_INCLUDE_IN_FRAMEWORK_HEADER = YES;
				CLANG_WARN_RANGE_LOOP_ANALYSIS = YES;
				CLANG_WARN_STRICT_PROTOTYPES = YES;
				CLANG_WARN_SUSPICIOUS_MOVE = YES;
				CLANG_WARN_UNGUARDED_AVAILABILITY = YES_AGGRESSIVE;
				CLANG_WARN_UNREACHABLE_CODE = YES;
				CLANG_WARN__DUPLICATE_METHOD_MATCH = YES;
				COPY_PHASE_STRIP = NO;
				DEBUG_INFORMATION_FORMAT = "dwarf-with-dsym";
				ENABLE_NS_ASSERTIONS = NO;
				ENABLE_STRICT_OBJC_MSGSEND = YES;
				GCC_C_LANGUAGE_STANDARD = gnu11;
				GCC_NO_COMMON_BLOCKS = YES;
				GCC_WARN_64_TO_32_BIT_CONVERSION = YES;
				GCC_WARN_ABOUT_RETURN_TYPE = YES_ERROR;
				GCC_WARN_UNDECLARED_SELECTOR = YES;
				GCC_WARN_UNINITIALIZED_AUTOS = YES_AGGRESSIVE;
				GCC_WARN_UNUSED_FUNCTION = YES;
				GCC_WARN_UNUSED_VARIABLE = YES;
				IPHONEOS_DEPLOYMENT_TARGET = 15.0;
				MTL_ENABLE_DEBUG_INFO = NO;
				MTL_FAST_MATH = YES;
				SDKROOT = iphoneos;
				SWIFT_COMPILATION_MODE = wholemodule;
				SWIFT_OPTIMIZATION_LEVEL = "-O";
				VALIDATE_PRODUCT = YES;
			};
			name = Release;
		};
		DAC6238E2758A8DE00720DD4 /* Debug */ = {
			isa = XCBuildConfiguration;
			buildSettings = {
				ASSETCATALOG_COMPILER_APPICON_NAME = AppIcon;
				ASSETCATALOG_COMPILER_GLOBAL_ACCENT_COLOR_NAME = AccentColor;
				CODE_SIGN_STYLE = Automatic;
				CURRENT_PROJECT_VERSION = 1;
				DEVELOPMENT_ASSET_PATHS = "\"Landmarks/Preview Content\"";
				DEVELOPMENT_TEAM = 89CKCN9RLX;
				ENABLE_PREVIEWS = YES;
				GENERATE_INFOPLIST_FILE = YES;
				INFOPLIST_KEY_UIApplicationSceneManifest_Generation = YES;
				INFOPLIST_KEY_UIApplicationSupportsIndirectInputEvents = YES;
				INFOPLIST_KEY_UILaunchScreen_Generation = YES;
				INFOPLIST_KEY_UISupportedInterfaceOrientations_iPad = "UIInterfaceOrientationPortrait UIInterfaceOrientationPortraitUpsideDown UIInterfaceOrientationLandscapeLeft UIInterfaceOrientationLandscapeRight";
				INFOPLIST_KEY_UISupportedInterfaceOrientations_iPhone = "UIInterfaceOrientationPortrait UIInterfaceOrientationLandscapeLeft UIInterfaceOrientationLandscapeRight";
				LD_RUNPATH_SEARCH_PATHS = (
					"$(inherited)",
					"@executable_path/Frameworks",
				);
				MARKETING_VERSION = 1.0;
				PRODUCT_BUNDLE_IDENTIFIER = com.abduqodir.Landmarks;
				PRODUCT_NAME = "$(TARGET_NAME)";
				SWIFT_EMIT_LOC_STRINGS = YES;
				SWIFT_VERSION = 5.0;
				TARGETED_DEVICE_FAMILY = "1,2";
			};
			name = Debug;
		};
		DAC6238F2758A8DE00720DD4 /* Release */ = {
			isa = XCBuildConfiguration;
			buildSettings = {
				ASSETCATALOG_COMPILER_APPICON_NAME = AppIcon;
				ASSETCATALOG_COMPILER_GLOBAL_ACCENT_COLOR_NAME = AccentColor;
				CODE_SIGN_STYLE = Automatic;
				CURRENT_PROJECT_VERSION = 1;
				DEVELOPMENT_ASSET_PATHS = "\"Landmarks/Preview Content\"";
				DEVELOPMENT_TEAM = 89CKCN9RLX;
				ENABLE_PREVIEWS = YES;
				GENERATE_INFOPLIST_FILE = YES;
				INFOPLIST_KEY_UIApplicationSceneManifest_Generation = YES;
				INFOPLIST_KEY_UIApplicationSupportsIndirectInputEvents = YES;
				INFOPLIST_KEY_UILaunchScreen_Generation = YES;
				INFOPLIST_KEY_UISupportedInterfaceOrientations_iPad = "UIInterfaceOrientationPortrait UIInterfaceOrientationPortraitUpsideDown UIInterfaceOrientationLandscapeLeft UIInterfaceOrientationLandscapeRight";
				INFOPLIST_KEY_UISupportedInterfaceOrientations_iPhone = "UIInterfaceOrientationPortrait UIInterfaceOrientationLandscapeLeft UIInterfaceOrientationLandscapeRight";
				LD_RUNPATH_SEARCH_PATHS = (
					"$(inherited)",
					"@executable_path/Frameworks",
				);
				MARKETING_VERSION = 1.0;
				PRODUCT_BUNDLE_IDENTIFIER = com.abduqodir.Landmarks;
				PRODUCT_NAME = "$(TARGET_NAME)";
				SWIFT_EMIT_LOC_STRINGS = YES;
				SWIFT_VERSION = 5.0;
				TARGETED_DEVICE_FAMILY = "1,2";
			};
			name = Release;
		};
/* End XCBuildConfiguration section */

/* Begin XCConfigurationList section */
		DAC6237A2758A8D800720DD4 /* Build configuration list for PBXProject "Landmarks" */ = {
			isa = XCConfigurationList;
			buildConfigurations = (
				DAC6238B2758A8DE00720DD4 /* Debug */,
				DAC6238C2758A8DE00720DD4 /* Release */,
			);
			defaultConfigurationIsVisible = 0;
			defaultConfigurationName = Release;
		};
		DAC6238D2758A8DE00720DD4 /* Build configuration list for PBXNativeTarget "Landmarks" */ = {
			isa = XCConfigurationList;
			buildConfigurations = (
				DAC6238E2758A8DE00720DD4 /* Debug */,
				DAC6238F2758A8DE00720DD4 /* Release */,
			);
			defaultConfigurationIsVisible = 0;
			defaultConfigurationName = Release;
		};
/* End XCConfigurationList section */
	};
	rootObject = DAC623772758A8D800720DD4 /* Project object */;
}
